// !$*UTF8*$!
{
	archiveVersion = 1;
	classes = {
	};
	objectVersion = 46;
	objects = {

/* Begin PBXFileReference section */
		5B54DEFB177CB81200FD8F69 /* index.html */ = {isa = PBXFileReference; lastKnownFileType = text.html; path = index.html; sourceTree = "<group>"; };
		5B54DEFC177CBDEF00FD8F69 /* properties.js */ = {isa = PBXFileReference; lastKnownFileType = sourcecode.javascript; path = properties.js; sourceTree = "<group>"; };
		5B54DEFD177CBE4300FD8F69 /* input.js */ = {isa = PBXFileReference; lastKnownFileType = sourcecode.javascript; path = input.js; sourceTree = "<group>"; };
		5B54DEFE177CBE5D00FD8F69 /* state.js */ = {isa = PBXFileReference; lastKnownFileType = sourcecode.javascript; path = state.js; sourceTree = "<group>"; };
		5B54DF00177CC43900FD8F69 /* world.js */ = {isa = PBXFileReference; lastKnownFileType = sourcecode.javascript; path = world.js; sourceTree = "<group>"; };
/* End PBXFileReference section */

/* Begin PBXGroup section */
		5B54DEF4177CB7F600FD8F69 = {
			isa = PBXGroup;
			children = (
				5B54DF00177CC43900FD8F69 /* world.js */,
				5B54DEFB177CB81200FD8F69 /* index.html */,
				5B54DEFC177CBDEF00FD8F69 /* properties.js */,
				5B54DEFD177CBE4300FD8F69 /* input.js */,
				5B54DEFE177CBE5D00FD8F69 /* state.js */,
			);
			sourceTree = "<group>";
		};
/* End PBXGroup section */

/* Begin PBXProject section */
		5B54DEF5177CB7F600FD8F69 /* Project object */ = {
			isa = PBXProject;
			attributes = {
				LastUpgradeCheck = 0500;
			};
			buildConfigurationList = 5B54DEF8177CB7F600FD8F69 /* Build configuration list for PBXProject "roboWard" */;
			compatibilityVersion = "Xcode 3.2";
			developmentRegion = English;
			hasScannedForEncodings = 0;
			knownRegions = (
				en,
			);
			mainGroup = 5B54DEF4177CB7F600FD8F69;
			projectDirPath = "";
			projectRoot = "";
			targets = (
			);
		};
/* End PBXProject section */

/* Begin XCBuildConfiguration section */
		5B54DEF9177CB7F600FD8F69 /* Debug */ = {
			isa = XCBuildConfiguration;
			buildSettings = {
			};
			name = Debug;
		};
		5B54DEFA177CB7F600FD8F69 /* Release */ = {
			isa = XCBuildConfiguration;
			buildSettings = {
			};
			name = Release;
		};
/* End XCBuildConfiguration section */

/* Begin XCConfigurationList section */
		5B54DEF8177CB7F600FD8F69 /* Build configuration list for PBXProject "roboWard" */ = {
			isa = XCConfigurationList;
			buildConfigurations = (
				5B54DEF9177CB7F600FD8F69 /* Debug */,
				5B54DEFA177CB7F600FD8F69 /* Release */,
			);
			defaultConfigurationIsVisible = 0;
			defaultConfigurationName = Release;
		};
/* End XCConfigurationList section */
	};
	rootObject = 5B54DEF5177CB7F600FD8F69 /* Project object */;
}
